
Microsoft Visual Studio Solution File, Format Version 12.00
# Visual Studio Version 16
VisualStudioVersion = 16.0.29609.76
MinimumVisualStudioVersion = 10.0.40219.1
Project("{FAE04EC0-301F-11D3-BF4B-00C04F79EFBC}") = "ProvaDS2Denner", "ProvaDS2Denner.csproj", "{0A62D162-E53E-41FA-A450-44F537D2E693}"
EndProject
Global
	GlobalSection(SolutionConfigurationPlatforms) = preSolution
		Debug|Any CPU = Debug|Any CPU
		Release|Any CPU = Release|Any CPU
	EndGlobalSection
	GlobalSection(ProjectConfigurationPlatforms) = postSolution
		{0A62D162-E53E-41FA-A450-44F537D2E693}.Debug|Any CPU.ActiveCfg = Debug|Any CPU
		{0A62D162-E53E-41FA-A450-44F537D2E693}.Debug|Any CPU.Build.0 = Debug|Any CPU
		{0A62D162-E53E-41FA-A450-44F537D2E693}.Release|Any CPU.ActiveCfg = Release|Any CPU
		{0A62D162-E53E-41FA-A450-44F537D2E693}.Release|Any CPU.Build.0 = Release|Any CPU
	EndGlobalSection
	GlobalSection(SolutionProperties) = preSolution
		HideSolutionNode = FALSE
	EndGlobalSection
	GlobalSection(ExtensibilityGlobals) = postSolution
		SolutionGuid = {E3860A97-BF3C-4877-98E4-BAB610C090E5}
	EndGlobalSection
EndGlobal
